// !$*UTF8*$!
{
	archiveVersion = 1;
	classes = {
	};
	objectVersion = 50;
	objects = {

/* Begin PBXBuildFile section */
		8FAC7F19219AF1690023C283 /* ImageInformationViewController.swift in Sources */ = {isa = PBXBuildFile; fileRef = 8FAC7F18219AF1690023C283 /* ImageInformationViewController.swift */; };
		8FC4EF57219A2864009A68AC /* AppDelegate.swift in Sources */ = {isa = PBXBuildFile; fileRef = 8FC4EF56219A2864009A68AC /* AppDelegate.swift */; };
		8FC4EF59219A2864009A68AC /* Scene.sks in Resources */ = {isa = PBXBuildFile; fileRef = 8FC4EF58219A2864009A68AC /* Scene.sks */; };
		8FC4EF5B219A2864009A68AC /* Scene.swift in Sources */ = {isa = PBXBuildFile; fileRef = 8FC4EF5A219A2864009A68AC /* Scene.swift */; };
		8FC4EF5D219A2864009A68AC /* ViewController.swift in Sources */ = {isa = PBXBuildFile; fileRef = 8FC4EF5C219A2864009A68AC /* ViewController.swift */; };
		8FC4EF60219A2864009A68AC /* Main.storyboard in Resources */ = {isa = PBXBuildFile; fileRef = 8FC4EF5E219A2864009A68AC /* Main.storyboard */; };
		8FC4EF62219A2864009A68AC /* Assets.xcassets in Resources */ = {isa = PBXBuildFile; fileRef = 8FC4EF61219A2864009A68AC /* Assets.xcassets */; };
		8FC4EF65219A2864009A68AC /* LaunchScreen.storyboard in Resources */ = {isa = PBXBuildFile; fileRef = 8FC4EF63219A2864009A68AC /* LaunchScreen.storyboard */; };
		8FC4EF70219A2864009A68AC /* iosmuseumetestTests.swift in Sources */ = {isa = PBXBuildFile; fileRef = 8FC4EF6F219A2864009A68AC /* iosmuseumetestTests.swift */; };
		8FC4EF7B219A2864009A68AC /* iosmuseumetestUITests.swift in Sources */ = {isa = PBXBuildFile; fileRef = 8FC4EF7A219A2864009A68AC /* iosmuseumetestUITests.swift */; };
/* End PBXBuildFile section */

/* Begin PBXContainerItemProxy section */
		8FC4EF6C219A2864009A68AC /* PBXContainerItemProxy */ = {
			isa = PBXContainerItemProxy;
			containerPortal = 8FC4EF4B219A2864009A68AC /* Project object */;
			proxyType = 1;
			remoteGlobalIDString = 8FC4EF52219A2864009A68AC;
			remoteInfo = iosmuseumetest;
		};
		8FC4EF77219A2864009A68AC /* PBXContainerItemProxy */ = {
			isa = PBXContainerItemProxy;
			containerPortal = 8FC4EF4B219A2864009A68AC /* Project object */;
			proxyType = 1;
			remoteGlobalIDString = 8FC4EF52219A2864009A68AC;
			remoteInfo = iosmuseumetest;
		};
/* End PBXContainerItemProxy section */

/* Begin PBXFileReference section */
		8FAC7F18219AF1690023C283 /* ImageInformationViewController.swift */ = {isa = PBXFileReference; lastKnownFileType = sourcecode.swift; path = ImageInformationViewController.swift; sourceTree = "<group>"; };
		8FC4EF53219A2864009A68AC /* iosmuseumetest.app */ = {isa = PBXFileReference; explicitFileType = wrapper.application; includeInIndex = 0; path = iosmuseumetest.app; sourceTree = BUILT_PRODUCTS_DIR; };
		8FC4EF56219A2864009A68AC /* AppDelegate.swift */ = {isa = PBXFileReference; lastKnownFileType = sourcecode.swift; path = AppDelegate.swift; sourceTree = "<group>"; };
		8FC4EF58219A2864009A68AC /* Scene.sks */ = {isa = PBXFileReference; lastKnownFileType = file.sks; path = Scene.sks; sourceTree = "<group>"; };
		8FC4EF5A219A2864009A68AC /* Scene.swift */ = {isa = PBXFileReference; lastKnownFileType = sourcecode.swift; path = Scene.swift; sourceTree = "<group>"; };
		8FC4EF5C219A2864009A68AC /* ViewController.swift */ = {isa = PBXFileReference; lastKnownFileType = sourcecode.swift; path = ViewController.swift; sourceTree = "<group>"; };
		8FC4EF5F219A2864009A68AC /* Base */ = {isa = PBXFileReference; lastKnownFileType = file.storyboard; name = Base; path = Base.lproj/Main.storyboard; sourceTree = "<group>"; };
		8FC4EF61219A2864009A68AC /* Assets.xcassets */ = {isa = PBXFileReference; lastKnownFileType = folder.assetcatalog; path = Assets.xcassets; sourceTree = "<group>"; };
		8FC4EF64219A2864009A68AC /* Base */ = {isa = PBXFileReference; lastKnownFileType = file.storyboard; name = Base; path = Base.lproj/LaunchScreen.storyboard; sourceTree = "<group>"; };
		8FC4EF66219A2864009A68AC /* Info.plist */ = {isa = PBXFileReference; lastKnownFileType = text.plist.xml; path = Info.plist; sourceTree = "<group>"; };
		8FC4EF6B219A2864009A68AC /* iosmuseumetestTests.xctest */ = {isa = PBXFileReference; explicitFileType = wrapper.cfbundle; includeInIndex = 0; path = iosmuseumetestTests.xctest; sourceTree = BUILT_PRODUCTS_DIR; };
		8FC4EF6F219A2864009A68AC /* iosmuseumetestTests.swift */ = {isa = PBXFileReference; lastKnownFileType = sourcecode.swift; path = iosmuseumetestTests.swift; sourceTree = "<group>"; };
		8FC4EF71219A2864009A68AC /* Info.plist */ = {isa = PBXFileReference; lastKnownFileType = text.plist.xml; path = Info.plist; sourceTree = "<group>"; };
		8FC4EF76219A2864009A68AC /* iosmuseumetestUITests.xctest */ = {isa = PBXFileReference; explicitFileType = wrapper.cfbundle; includeInIndex = 0; path = iosmuseumetestUITests.xctest; sourceTree = BUILT_PRODUCTS_DIR; };
		8FC4EF7A219A2864009A68AC /* iosmuseumetestUITests.swift */ = {isa = PBXFileReference; lastKnownFileType = sourcecode.swift; path = iosmuseumetestUITests.swift; sourceTree = "<group>"; };
		8FC4EF7C219A2864009A68AC /* Info.plist */ = {isa = PBXFileReference; lastKnownFileType = text.plist.xml; path = Info.plist; sourceTree = "<group>"; };
/* End PBXFileReference section */

/* Begin PBXFrameworksBuildPhase section */
		8FC4EF50219A2864009A68AC /* Frameworks */ = {
			isa = PBXFrameworksBuildPhase;
			buildActionMask = 2147483647;
			files = (
			);
			runOnlyForDeploymentPostprocessing = 0;
		};
		8FC4EF68219A2864009A68AC /* Frameworks */ = {
			isa = PBXFrameworksBuildPhase;
			buildActionMask = 2147483647;
			files = (
			);
			runOnlyForDeploymentPostprocessing = 0;
		};
		8FC4EF73219A2864009A68AC /* Frameworks */ = {
			isa = PBXFrameworksBuildPhase;
			buildActionMask = 2147483647;
			files = (
			);
			runOnlyForDeploymentPostprocessing = 0;
		};
/* End PBXFrameworksBuildPhase section */

/* Begin PBXGroup section */
		8FC4EF4A219A2864009A68AC = {
			isa = PBXGroup;
			children = (
				8FC4EF55219A2864009A68AC /* iosmuseumetest */,
				8FC4EF6E219A2864009A68AC /* iosmuseumetestTests */,
				8FC4EF79219A2864009A68AC /* iosmuseumetestUITests */,
				8FC4EF54219A2864009A68AC /* Products */,
			);
			sourceTree = "<group>";
		};
		8FC4EF54219A2864009A68AC /* Products */ = {
			isa = PBXGroup;
			children = (
				8FC4EF53219A2864009A68AC /* iosmuseumetest.app */,
				8FC4EF6B219A2864009A68AC /* iosmuseumetestTests.xctest */,
				8FC4EF76219A2864009A68AC /* iosmuseumetestUITests.xctest */,
			);
			name = Products;
			sourceTree = "<group>";
		};
		8FC4EF55219A2864009A68AC /* iosmuseumetest */ = {
			isa = PBXGroup;
			children = (
				8FC4EF56219A2864009A68AC /* AppDelegate.swift */,
				8FC4EF58219A2864009A68AC /* Scene.sks */,
				8FC4EF5A219A2864009A68AC /* Scene.swift */,
				8FC4EF5C219A2864009A68AC /* ViewController.swift */,
				8FC4EF5E219A2864009A68AC /* Main.storyboard */,
				8FAC7F18219AF1690023C283 /* ImageInformationViewController.swift */,
				8FC4EF61219A2864009A68AC /* Assets.xcassets */,
				8FC4EF63219A2864009A68AC /* LaunchScreen.storyboard */,
				8FC4EF66219A2864009A68AC /* Info.plist */,
			);
			path = iosmuseumetest;
			sourceTree = "<group>";
		};
		8FC4EF6E219A2864009A68AC /* iosmuseumetestTests */ = {
			isa = PBXGroup;
			children = (
				8FC4EF6F219A2864009A68AC /* iosmuseumetestTests.swift */,
				8FC4EF71219A2864009A68AC /* Info.plist */,
			);
			path = iosmuseumetestTests;
			sourceTree = "<group>";
		};
		8FC4EF79219A2864009A68AC /* iosmuseumetestUITests */ = {
			isa = PBXGroup;
			children = (
				8FC4EF7A219A2864009A68AC /* iosmuseumetestUITests.swift */,
				8FC4EF7C219A2864009A68AC /* Info.plist */,
			);
			path = iosmuseumetestUITests;
			sourceTree = "<group>";
		};
/* End PBXGroup section */

/* Begin PBXNativeTarget section */
		8FC4EF52219A2864009A68AC /* iosmuseumetest */ = {
			isa = PBXNativeTarget;
			buildConfigurationList = 8FC4EF7F219A2864009A68AC /* Build configuration list for PBXNativeTarget "iosmuseumetest" */;
			buildPhases = (
				8FC4EF4F219A2864009A68AC /* Sources */,
				8FC4EF50219A2864009A68AC /* Frameworks */,
				8FC4EF51219A2864009A68AC /* Resources */,
			);
			buildRules = (
			);
			dependencies = (
			);
			name = iosmuseumetest;
			productName = iosmuseumetest;
			productReference = 8FC4EF53219A2864009A68AC /* iosmuseumetest.app */;
			productType = "com.apple.product-type.application";
		};
		8FC4EF6A219A2864009A68AC /* iosmuseumetestTests */ = {
			isa = PBXNativeTarget;
			buildConfigurationList = 8FC4EF82219A2864009A68AC /* Build configuration list for PBXNativeTarget "iosmuseumetestTests" */;
			buildPhases = (
				8FC4EF67219A2864009A68AC /* Sources */,
				8FC4EF68219A2864009A68AC /* Frameworks */,
				8FC4EF69219A2864009A68AC /* Resources */,
			);
			buildRules = (
			);
			dependencies = (
				8FC4EF6D219A2864009A68AC /* PBXTargetDependency */,
			);
			name = iosmuseumetestTests;
			productName = iosmuseumetestTests;
			productReference = 8FC4EF6B219A2864009A68AC /* iosmuseumetestTests.xctest */;
			productType = "com.apple.product-type.bundle.unit-test";
		};
		8FC4EF75219A2864009A68AC /* iosmuseumetestUITests */ = {
			isa = PBXNativeTarget;
			buildConfigurationList = 8FC4EF85219A2864009A68AC /* Build configuration list for PBXNativeTarget "iosmuseumetestUITests" */;
			buildPhases = (
				8FC4EF72219A2864009A68AC /* Sources */,
				8FC4EF73219A2864009A68AC /* Frameworks */,
				8FC4EF74219A2864009A68AC /* Resources */,
			);
			buildRules = (
			);
			dependencies = (
				8FC4EF78219A2864009A68AC /* PBXTargetDependency */,
			);
			name = iosmuseumetestUITests;
			productName = iosmuseumetestUITests;
			productReference = 8FC4EF76219A2864009A68AC /* iosmuseumetestUITests.xctest */;
			productType = "com.apple.product-type.bundle.ui-testing";
		};
/* End PBXNativeTarget section */

/* Begin PBXProject section */
		8FC4EF4B219A2864009A68AC /* Project object */ = {
			isa = PBXProject;
			attributes = {
				LastSwiftUpdateCheck = 1010;
				LastUpgradeCheck = 1010;
				ORGANIZATIONNAME = Jonathan;
				TargetAttributes = {
					8FC4EF52219A2864009A68AC = {
						CreatedOnToolsVersion = 10.1;
					};
					8FC4EF6A219A2864009A68AC = {
						CreatedOnToolsVersion = 10.1;
						TestTargetID = 8FC4EF52219A2864009A68AC;
					};
					8FC4EF75219A2864009A68AC = {
						CreatedOnToolsVersion = 10.1;
						TestTargetID = 8FC4EF52219A2864009A68AC;
					};
				};
			};
			buildConfigurationList = 8FC4EF4E219A2864009A68AC /* Build configuration list for PBXProject "iosmuseumetest" */;
			compatibilityVersion = "Xcode 9.3";
			developmentRegion = en;
			hasScannedForEncodings = 0;
			knownRegions = (
				en,
				Base,
			);
			mainGroup = 8FC4EF4A219A2864009A68AC;
			productRefGroup = 8FC4EF54219A2864009A68AC /* Products */;
			projectDirPath = "";
			projectRoot = "";
			targets = (
				8FC4EF52219A2864009A68AC /* iosmuseumetest */,
				8FC4EF6A219A2864009A68AC /* iosmuseumetestTests */,
				8FC4EF75219A2864009A68AC /* iosmuseumetestUITests */,
			);
		};
/* End PBXProject section */

/* Begin PBXResourcesBuildPhase section */
		8FC4EF51219A2864009A68AC /* Resources */ = {
			isa = PBXResourcesBuildPhase;
			buildActionMask = 2147483647;
			files = (
				8FC4EF59219A2864009A68AC /* Scene.sks in Resources */,
				8FC4EF65219A2864009A68AC /* LaunchScreen.storyboard in Resources */,
				8FC4EF62219A2864009A68AC /* Assets.xcassets in Resources */,
				8FC4EF60219A2864009A68AC /* Main.storyboard in Resources */,
			);
			runOnlyForDeploymentPostprocessing = 0;
		};
		8FC4EF69219A2864009A68AC /* Resources */ = {
			isa = PBXResourcesBuildPhase;
			buildActionMask = 2147483647;
			files = (
			);
			runOnlyForDeploymentPostprocessing = 0;
		};
		8FC4EF74219A2864009A68AC /* Resources */ = {
			isa = PBXResourcesBuildPhase;
			buildActionMask = 2147483647;
			files = (
			);
			runOnlyForDeploymentPostprocessing = 0;
		};
/* End PBXResourcesBuildPhase section */

/* Begin PBXSourcesBuildPhase section */
		8FC4EF4F219A2864009A68AC /* Sources */ = {
			isa = PBXSourcesBuildPhase;
			buildActionMask = 2147483647;
			files = (
				8FC4EF5D219A2864009A68AC /* ViewController.swift in Sources */,
				8FC4EF5B219A2864009A68AC /* Scene.swift in Sources */,
				8FC4EF57219A2864009A68AC /* AppDelegate.swift in Sources */,
				8FAC7F19219AF1690023C283 /* ImageInformationViewController.swift in Sources */,
			);
			runOnlyForDeploymentPostprocessing = 0;
		};
		8FC4EF67219A2864009A68AC /* Sources */ = {
			isa = PBXSourcesBuildPhase;
			buildActionMask = 2147483647;
			files = (
				8FC4EF70219A2864009A68AC /* iosmuseumetestTests.swift in Sources */,
			);
			runOnlyForDeploymentPostprocessing = 0;
		};
		8FC4EF72219A2864009A68AC /* Sources */ = {
			isa = PBXSourcesBuildPhase;
			buildActionMask = 2147483647;
			files = (
				8FC4EF7B219A2864009A68AC /* iosmuseumetestUITests.swift in Sources */,
			);
			runOnlyForDeploymentPostprocessing = 0;
		};
/* End PBXSourcesBuildPhase section */

/* Begin PBXTargetDependency section */
		8FC4EF6D219A2864009A68AC /* PBXTargetDependency */ = {
			isa = PBXTargetDependency;
			target = 8FC4EF52219A2864009A68AC /* iosmuseumetest */;
			targetProxy = 8FC4EF6C219A2864009A68AC /* PBXContainerItemProxy */;
		};
		8FC4EF78219A2864009A68AC /* PBXTargetDependency */ = {
			isa = PBXTargetDependency;
			target = 8FC4EF52219A2864009A68AC /* iosmuseumetest */;
			targetProxy = 8FC4EF77219A2864009A68AC /* PBXContainerItemProxy */;
		};
/* End PBXTargetDependency section */

/* Begin PBXVariantGroup section */
		8FC4EF5E219A2864009A68AC /* Main.storyboard */ = {
			isa = PBXVariantGroup;
			children = (
				8FC4EF5F219A2864009A68AC /* Base */,
			);
			name = Main.storyboard;
			sourceTree = "<group>";
		};
		8FC4EF63219A2864009A68AC /* LaunchScreen.storyboard */ = {
			isa = PBXVariantGroup;
			children = (
				8FC4EF64219A2864009A68AC /* Base */,
			);
			name = LaunchScreen.storyboard;
			sourceTree = "<group>";
		};
/* End PBXVariantGroup section */

/* Begin XCBuildConfiguration section */
		8FC4EF7D219A2864009A68AC /* Debug */ = {
			isa = XCBuildConfiguration;
			buildSettings = {
				ALWAYS_SEARCH_USER_PATHS = NO;
				CLANG_ANALYZER_NONNULL = YES;
				CLANG_ANALYZER_NUMBER_OBJECT_CONVERSION = YES_AGGRESSIVE;
				CLANG_CXX_LANGUAGE_STANDARD = "gnu++14";
				CLANG_CXX_LIBRARY = "libc++";
				CLANG_ENABLE_MODULES = YES;
				CLANG_ENABLE_OBJC_ARC = YES;
				CLANG_ENABLE_OBJC_WEAK = YES;
				CLANG_WARN_BLOCK_CAPTURE_AUTORELEASING = YES;
				CLANG_WARN_BOOL_CONVERSION = YES;
				CLANG_WARN_COMMA = YES;
				CLANG_WARN_CONSTANT_CONVERSION = YES;
				CLANG_WARN_DEPRECATED_OBJC_IMPLEMENTATIONS = YES;
				CLANG_WARN_DIRECT_OBJC_ISA_USAGE = YES_ERROR;
				CLANG_WARN_DOCUMENTATION_COMMENTS = YES;
				CLANG_WARN_EMPTY_BODY = YES;
				CLANG_WARN_ENUM_CONVERSION = YES;
				CLANG_WARN_INFINITE_RECURSION = YES;
				CLANG_WARN_INT_CONVERSION = YES;
				CLANG_WARN_NON_LITERAL_NULL_CONVERSION = YES;
				CLANG_WARN_OBJC_IMPLICIT_RETAIN_SELF = YES;
				CLANG_WARN_OBJC_LITERAL_CONVERSION = YES;
				CLANG_WARN_OBJC_ROOT_CLASS = YES_ERROR;
				CLANG_WARN_RANGE_LOOP_ANALYSIS = YES;
				CLANG_WARN_STRICT_PROTOTYPES = YES;
				CLANG_WARN_SUSPICIOUS_MOVE = YES;
				CLANG_WARN_UNGUARDED_AVAILABILITY = YES_AGGRESSIVE;
				CLANG_WARN_UNREACHABLE_CODE = YES;
				CLANG_WARN__DUPLICATE_METHOD_MATCH = YES;
				CODE_SIGN_IDENTITY = "iPhone Developer";
				COPY_PHASE_STRIP = NO;
				DEBUG_INFORMATION_FORMAT = dwarf;
				ENABLE_STRICT_OBJC_MSGSEND = YES;
				ENABLE_TESTABILITY = YES;
				GCC_C_LANGUAGE_STANDARD = gnu11;
				GCC_DYNAMIC_NO_PIC = NO;
				GCC_NO_COMMON_BLOCKS = YES;
				GCC_OPTIMIZATION_LEVEL = 0;
				GCC_PREPROCESSOR_DEFINITIONS = (
					"DEBUG=1",
					"$(inherited)",
				);
				GCC_WARN_64_TO_32_BIT_CONVERSION = YES;
				GCC_WARN_ABOUT_RETURN_TYPE = YES_ERROR;
				GCC_WARN_UNDECLARED_SELECTOR = YES;
				GCC_WARN_UNINITIALIZED_AUTOS = YES_AGGRESSIVE;
				GCC_WARN_UNUSED_FUNCTION = YES;
				GCC_WARN_UNUSED_VARIABLE = YES;
				IPHONEOS_DEPLOYMENT_TARGET = 12.1;
				MTL_ENABLE_DEBUG_INFO = INCLUDE_SOURCE;
				MTL_FAST_MATH = YES;
				ONLY_ACTIVE_ARCH = YES;
				SDKROOT = iphoneos;
				SWIFT_ACTIVE_COMPILATION_CONDITIONS = DEBUG;
				SWIFT_OPTIMIZATION_LEVEL = "-Onone";
			};
			name = Debug;
		};
		8FC4EF7E219A2864009A68AC /* Release */ = {
			isa = XCBuildConfiguration;
			buildSettings = {
				ALWAYS_SEARCH_USER_PATHS = NO;
				CLANG_ANALYZER_NONNULL = YES;
				CLANG_ANALYZER_NUMBER_OBJECT_CONVERSION = YES_AGGRESSIVE;
				CLANG_CXX_LANGUAGE_STANDARD = "gnu++14";
				CLANG_CXX_LIBRARY = "libc++";
				CLANG_ENABLE_MODULES = YES;
				CLANG_ENABLE_OBJC_ARC = YES;
				CLANG_ENABLE_OBJC_WEAK = YES;
				CLANG_WARN_BLOCK_CAPTURE_AUTORELEASING = YES;
				CLANG_WARN_BOOL_CONVERSION = YES;
				CLANG_WARN_COMMA = YES;
				CLANG_WARN_CONSTANT_CONVERSION = YES;
				CLANG_WARN_DEPRECATED_OBJC_IMPLEMENTATIONS = YES;
				CLANG_WARN_DIRECT_OBJC_ISA_USAGE = YES_ERROR;
				CLANG_WARN_DOCUMENTATION_COMMENTS = YES;
				CLANG_WARN_EMPTY_BODY = YES;
				CLANG_WARN_ENUM_CONVERSION = YES;
				CLANG_WARN_INFINITE_RECURSION = YES;
				CLANG_WARN_INT_CONVERSION = YES;
				CLANG_WARN_NON_LITERAL_NULL_CONVERSION = YES;
				CLANG_WARN_OBJC_IMPLICIT_RETAIN_SELF = YES;
				CLANG_WARN_OBJC_LITERAL_CONVERSION = YES;
				CLANG_WARN_OBJC_ROOT_CLASS = YES_ERROR;
				CLANG_WARN_RANGE_LOOP_ANALYSIS = YES;
				CLANG_WARN_STRICT_PROTOTYPES = YES;
				CLANG_WARN_SUSPICIOUS_MOVE = YES;
				CLANG_WARN_UNGUARDED_AVAILABILITY = YES_AGGRESSIVE;
				CLANG_WARN_UNREACHABLE_CODE = YES;
				CLANG_WARN__DUPLICATE_METHOD_MATCH = YES;
				CODE_SIGN_IDENTITY = "iPhone Developer";
				COPY_PHASE_STRIP = NO;
				DEBUG_INFORMATION_FORMAT = "dwarf-with-dsym";
				ENABLE_NS_ASSERTIONS = NO;
				ENABLE_STRICT_OBJC_MSGSEND = YES;
				GCC_C_LANGUAGE_STANDARD = gnu11;
				GCC_NO_COMMON_BLOCKS = YES;
				GCC_WARN_64_TO_32_BIT_CONVERSION = YES;
				GCC_WARN_ABOUT_RETURN_TYPE = YES_ERROR;
				GCC_WARN_UNDECLARED_SELECTOR = YES;
				GCC_WARN_UNINITIALIZED_AUTOS = YES_AGGRESSIVE;
				GCC_WARN_UNUSED_FUNCTION = YES;
				GCC_WARN_UNUSED_VARIABLE = YES;
				IPHONEOS_DEPLOYMENT_TARGET = 12.1;
				MTL_ENABLE_DEBUG_INFO = NO;
				MTL_FAST_MATH = YES;
				SDKROOT = iphoneos;
				SWIFT_COMPILATION_MODE = wholemodule;
				SWIFT_OPTIMIZATION_LEVEL = "-O";
				VALIDATE_PRODUCT = YES;
			};
			name = Release;
		};
		8FC4EF80219A2864009A68AC /* Debug */ = {
			isa = XCBuildConfiguration;
			buildSettings = {
				ASSETCATALOG_COMPILER_APPICON_NAME = AppIcon;
				CODE_SIGN_STYLE = Automatic;
				DEVELOPMENT_TEAM = C377QJMMK3;
				INFOPLIST_FILE = iosmuseumetest/Info.plist;
				IPHONEOS_DEPLOYMENT_TARGET = 11.3;
				LD_RUNPATH_SEARCH_PATHS = (
					"$(inherited)",
					"@executable_path/Frameworks",
				);
				PRODUCT_BUNDLE_IDENTIFIER = "goldsmiths-gp14.iosmuseumetest";
				PRODUCT_NAME = "$(TARGET_NAME)";
				SWIFT_VERSION = 4.2;
				TARGETED_DEVICE_FAMILY = "1,2";
			};
			name = Debug;
		};
		8FC4EF81219A2864009A68AC /* Release */ = {
			isa = XCBuildConfiguration;
			buildSettings = {
				ASSETCATALOG_COMPILER_APPICON_NAME = AppIcon;
				CODE_SIGN_STYLE = Automatic;
				DEVELOPMENT_TEAM = C377QJMMK3;
				INFOPLIST_FILE = iosmuseumetest/Info.plist;
				IPHONEOS_DEPLOYMENT_TARGET = 11.3;
				LD_RUNPATH_SEARCH_PATHS = (
					"$(inherited)",
					"@executable_path/Frameworks",
				);
				PRODUCT_BUNDLE_IDENTIFIER = "goldsmiths-gp14.iosmuseumetest";
				PRODUCT_NAME = "$(TARGET_NAME)";
				SWIFT_VERSION = 4.2;
				TARGETED_DEVICE_FAMILY = "1,2";
			};
			name = Release;
		};
		8FC4EF83219A2864009A68AC /* Debug */ = {
			isa = XCBuildConfiguration;
			buildSettings = {
				ALWAYS_EMBED_SWIFT_STANDARD_LIBRARIES = YES;
				BUNDLE_LOADER = "$(TEST_HOST)";
				CODE_SIGN_STYLE = Automatic;
				INFOPLIST_FILE = iosmuseumetestTests/Info.plist;
				LD_RUNPATH_SEARCH_PATHS = (
					"$(inherited)",
					"@executable_path/Frameworks",
					"@loader_path/Frameworks",
				);
				PRODUCT_BUNDLE_IDENTIFIER = "goldsmiths-gp14.iosmuseumetestTests";
				PRODUCT_NAME = "$(TARGET_NAME)";
				SWIFT_VERSION = 4.2;
				TARGETED_DEVICE_FAMILY = "1,2";
				TEST_HOST = "$(BUILT_PRODUCTS_DIR)/iosmuseumetest.app/iosmuseumetest";
			};
			name = Debug;
		};
		8FC4EF84219A2864009A68AC /* Release */ = {
			isa = XCBuildConfiguration;
			buildSettings = {
				ALWAYS_EMBED_SWIFT_STANDARD_LIBRARIES = YES;
				BUNDLE_LOADER = "$(TEST_HOST)";
				CODE_SIGN_STYLE = Automatic;
				INFOPLIST_FILE = iosmuseumetestTests/Info.plist;
				LD_RUNPATH_SEARCH_PATHS = (
					"$(inherited)",
					"@executable_path/Frameworks",
					"@loader_path/Frameworks",
				);
				PRODUCT_BUNDLE_IDENTIFIER = "goldsmiths-gp14.iosmuseumetestTests";
				PRODUCT_NAME = "$(TARGET_NAME)";
				SWIFT_VERSION = 4.2;
				TARGETED_DEVICE_FAMILY = "1,2";
				TEST_HOST = "$(BUILT_PRODUCTS_DIR)/iosmuseumetest.app/iosmuseumetest";
			};
			name = Release;
		};
		8FC4EF86219A2864009A68AC /* Debug */ = {
			isa = XCBuildConfiguration;
			buildSettings = {
				ALWAYS_EMBED_SWIFT_STANDARD_LIBRARIES = YES;
				CODE_SIGN_STYLE = Automatic;
				INFOPLIST_FILE = iosmuseumetestUITests/Info.plist;
				LD_RUNPATH_SEARCH_PATHS = (
					"$(inherited)",
					"@executable_path/Frameworks",
					"@loader_path/Frameworks",
				);
				PRODUCT_BUNDLE_IDENTIFIER = "goldsmiths-gp14.iosmuseumetestUITests";
				PRODUCT_NAME = "$(TARGET_NAME)";
				SWIFT_VERSION = 4.2;
				TARGETED_DEVICE_FAMILY = "1,2";
				TEST_TARGET_NAME = iosmuseumetest;
			};
			name = Debug;
		};
		8FC4EF87219A2864009A68AC /* Release */ = {
			isa = XCBuildConfiguration;
			buildSettings = {
				ALWAYS_EMBED_SWIFT_STANDARD_LIBRARIES = YES;
				CODE_SIGN_STYLE = Automatic;
				INFOPLIST_FILE = iosmuseumetestUITests/Info.plist;
				LD_RUNPATH_SEARCH_PATHS = (
					"$(inherited)",
					"@executable_path/Frameworks",
					"@loader_path/Frameworks",
				);
				PRODUCT_BUNDLE_IDENTIFIER = "goldsmiths-gp14.iosmuseumetestUITests";
				PRODUCT_NAME = "$(TARGET_NAME)";
				SWIFT_VERSION = 4.2;
				TARGETED_DEVICE_FAMILY = "1,2";
				TEST_TARGET_NAME = iosmuseumetest;
			};
			name = Release;
		};
/* End XCBuildConfiguration section */

/* Begin XCConfigurationList section */
		8FC4EF4E219A2864009A68AC /* Build configuration list for PBXProject "iosmuseumetest" */ = {
			isa = XCConfigurationList;
			buildConfigurations = (
				8FC4EF7D219A2864009A68AC /* Debug */,
				8FC4EF7E219A2864009A68AC /* Release */,
			);
			defaultConfigurationIsVisible = 0;
			defaultConfigurationName = Release;
		};
		8FC4EF7F219A2864009A68AC /* Build configuration list for PBXNativeTarget "iosmuseumetest" */ = {
			isa = XCConfigurationList;
			buildConfigurations = (
				8FC4EF80219A2864009A68AC /* Debug */,
				8FC4EF81219A2864009A68AC /* Release */,
			);
			defaultConfigurationIsVisible = 0;
			defaultConfigurationName = Release;
		};
		8FC4EF82219A2864009A68AC /* Build configuration list for PBXNativeTarget "iosmuseumetestTests" */ = {
			isa = XCConfigurationList;
			buildConfigurations = (
				8FC4EF83219A2864009A68AC /* Debug */,
				8FC4EF84219A2864009A68AC /* Release */,
			);
			defaultConfigurationIsVisible = 0;
			defaultConfigurationName = Release;
		};
		8FC4EF85219A2864009A68AC /* Build configuration list for PBXNativeTarget "iosmuseumetestUITests" */ = {
			isa = XCConfigurationList;
			buildConfigurations = (
				8FC4EF86219A2864009A68AC /* Debug */,
				8FC4EF87219A2864009A68AC /* Release */,
			);
			defaultConfigurationIsVisible = 0;
			defaultConfigurationName = Release;
		};
/* End XCConfigurationList section */
	};
	rootObject = 8FC4EF4B219A2864009A68AC /* Project object */;
}
